
Microsoft Visual Studio Solution File, Format Version 12.00
# Visual Studio Express 2013 for Windows Desktop
VisualStudioVersion = 12.0.40629.0
MinimumVisualStudioVersion = 10.0.40219.1
Project("{8BC9CEB8-8B4A-11D0-8D11-00A0C91BC942}") = "Exceptions", "Exceptions\Exceptions.vcxproj", "{28BFE83A-AA71-4C84-A329-3B90F2FE2F26}"
EndProject
Global
	GlobalSection(SolutionConfigurationPlatforms) = preSolution
		Debug|Win32 = Debug|Win32
		Release|Win32 = Release|Win32
	EndGlobalSection
	GlobalSection(ProjectConfigurationPlatforms) = postSolution
		{28BFE83A-AA71-4C84-A329-3B90F2FE2F26}.Debug|Win32.ActiveCfg = Debug|Win32
		{28BFE83A-AA71-4C84-A329-3B90F2FE2F26}.Debug|Win32.Build.0 = Debug|Win32
		{28BFE83A-AA71-4C84-A329-3B90F2FE2F26}.Release|Win32.ActiveCfg = Release|Win32
		{28BFE83A-AA71-4C84-A329-3B90F2FE2F26}.Release|Win32.Build.0 = Release|Win32
	EndGlobalSection
	GlobalSection(SolutionProperties) = preSolution
		HideSolutionNode = FALSE
	EndGlobalSection
EndGlobal
